set_global_assignment -name FAMILY "Cyclone IV E"
set_global_assignment -name DEVICE EP4CE115F29C7
set_global_assignment -name TOP_LEVEL_ENTITY chess_de2_115_top
set_global_assignment -name PROJECT_OUTPUT_DIRECTORY output_files/de2_115
set_global_assignment -name NUM_PARALLEL_PROCESSORS 4
set_global_assignment -name SEARCH_PATH rtl
set_global_assignment -name SDC_FILE chess_de2_115.sdc
set_global_assignment -name RESERVE_ALL_UNUSED_PINS "AS INPUT TRI-STATED"
set_global_assignment -name SYSTEMVERILOG_FILE rtl/chess_pkg.sv
set_global_assignment -name SYSTEMVERILOG_FILE rtl/attack_detector.sv
set_global_assignment -name SYSTEMVERILOG_FILE rtl/move_checker.sv
set_global_assignment -name SYSTEMVERILOG_FILE rtl/game_controller.sv
set_global_assignment -name SYSTEMVERILOG_FILE rtl/vga_timing.sv
set_global_assignment -name SYSTEMVERILOG_FILE rtl/text_layer.sv
set_global_assignment -name SYSTEMVERILOG_FILE rtl/chess_renderer.sv
set_global_assignment -name SYSTEMVERILOG_FILE rtl/ps2_receiver.sv
set_global_assignment -name SYSTEMVERILOG_FILE rtl/ps2_decoder.sv
set_global_assignment -name SYSTEMVERILOG_FILE rtl/keyboard_commands.sv
set_global_assignment -name SYSTEMVERILOG_FILE rtl/de2_vga_output.sv
set_global_assignment -name SYSTEMVERILOG_FILE rtl/chess_de2_115_top.sv
set_location_assignment PIN_Y2 -to "CLOCK_50"
set_instance_assignment -name IO_STANDARD "3.3-V LVTTL" -to "CLOCK_50"
set_location_assignment PIN_M23 -to "KEY[0]"
set_instance_assignment -name IO_STANDARD "2.5 V" -to "KEY[0]"
set_location_assignment PIN_G6 -to "PS2_CLK"
set_instance_assignment -name IO_STANDARD "3.3-V LVTTL" -to "PS2_CLK"
set_location_assignment PIN_H5 -to "PS2_DAT"
set_instance_assignment -name IO_STANDARD "3.3-V LVTTL" -to "PS2_DAT"
set_location_assignment PIN_G13 -to "VGA_HS"
set_instance_assignment -name IO_STANDARD "3.3-V LVTTL" -to "VGA_HS"
set_location_assignment PIN_C13 -to "VGA_VS"
set_instance_assignment -name IO_STANDARD "3.3-V LVTTL" -to "VGA_VS"
set_location_assignment PIN_A12 -to "VGA_CLK"
set_instance_assignment -name IO_STANDARD "3.3-V LVTTL" -to "VGA_CLK"
set_location_assignment PIN_F11 -to "VGA_BLANK_N"
set_instance_assignment -name IO_STANDARD "3.3-V LVTTL" -to "VGA_BLANK_N"
set_location_assignment PIN_C10 -to "VGA_SYNC_N"
set_instance_assignment -name IO_STANDARD "3.3-V LVTTL" -to "VGA_SYNC_N"
set_location_assignment PIN_E12 -to "VGA_R[0]"
set_instance_assignment -name IO_STANDARD "3.3-V LVTTL" -to "VGA_R[0]"
set_location_assignment PIN_E11 -to "VGA_R[1]"
set_instance_assignment -name IO_STANDARD "3.3-V LVTTL" -to "VGA_R[1]"
set_location_assignment PIN_D10 -to "VGA_R[2]"
set_instance_assignment -name IO_STANDARD "3.3-V LVTTL" -to "VGA_R[2]"
set_location_assignment PIN_F12 -to "VGA_R[3]"
set_instance_assignment -name IO_STANDARD "3.3-V LVTTL" -to "VGA_R[3]"
set_location_assignment PIN_G10 -to "VGA_R[4]"
set_instance_assignment -name IO_STANDARD "3.3-V LVTTL" -to "VGA_R[4]"
set_location_assignment PIN_J12 -to "VGA_R[5]"
set_instance_assignment -name IO_STANDARD "3.3-V LVTTL" -to "VGA_R[5]"
set_location_assignment PIN_H8 -to "VGA_R[6]"
set_instance_assignment -name IO_STANDARD "3.3-V LVTTL" -to "VGA_R[6]"
set_location_assignment PIN_H10 -to "VGA_R[7]"
set_instance_assignment -name IO_STANDARD "3.3-V LVTTL" -to "VGA_R[7]"
set_location_assignment PIN_G8 -to "VGA_G[0]"
set_instance_assignment -name IO_STANDARD "3.3-V LVTTL" -to "VGA_G[0]"
set_location_assignment PIN_G11 -to "VGA_G[1]"
set_instance_assignment -name IO_STANDARD "3.3-V LVTTL" -to "VGA_G[1]"
set_location_assignment PIN_F8 -to "VGA_G[2]"
set_instance_assignment -name IO_STANDARD "3.3-V LVTTL" -to "VGA_G[2]"
set_location_assignment PIN_H12 -to "VGA_G[3]"
set_instance_assignment -name IO_STANDARD "3.3-V LVTTL" -to "VGA_G[3]"
set_location_assignment PIN_C8 -to "VGA_G[4]"
set_instance_assignment -name IO_STANDARD "3.3-V LVTTL" -to "VGA_G[4]"
set_location_assignment PIN_B8 -to "VGA_G[5]"
set_instance_assignment -name IO_STANDARD "3.3-V LVTTL" -to "VGA_G[5]"
set_location_assignment PIN_F10 -to "VGA_G[6]"
set_instance_assignment -name IO_STANDARD "3.3-V LVTTL" -to "VGA_G[6]"
set_location_assignment PIN_C9 -to "VGA_G[7]"
set_instance_assignment -name IO_STANDARD "3.3-V LVTTL" -to "VGA_G[7]"
set_location_assignment PIN_B10 -to "VGA_B[0]"
set_instance_assignment -name IO_STANDARD "3.3-V LVTTL" -to "VGA_B[0]"
set_location_assignment PIN_A10 -to "VGA_B[1]"
set_instance_assignment -name IO_STANDARD "3.3-V LVTTL" -to "VGA_B[1]"
set_location_assignment PIN_C11 -to "VGA_B[2]"
set_instance_assignment -name IO_STANDARD "3.3-V LVTTL" -to "VGA_B[2]"
set_location_assignment PIN_B11 -to "VGA_B[3]"
set_instance_assignment -name IO_STANDARD "3.3-V LVTTL" -to "VGA_B[3]"
set_location_assignment PIN_A11 -to "VGA_B[4]"
set_instance_assignment -name IO_STANDARD "3.3-V LVTTL" -to "VGA_B[4]"
set_location_assignment PIN_C12 -to "VGA_B[5]"
set_instance_assignment -name IO_STANDARD "3.3-V LVTTL" -to "VGA_B[5]"
set_location_assignment PIN_D11 -to "VGA_B[6]"
set_instance_assignment -name IO_STANDARD "3.3-V LVTTL" -to "VGA_B[6]"
set_location_assignment PIN_D12 -to "VGA_B[7]"
set_instance_assignment -name IO_STANDARD "3.3-V LVTTL" -to "VGA_B[7]"
set_location_assignment PIN_G19 -to "LEDR[0]"
set_instance_assignment -name IO_STANDARD "2.5 V" -to "LEDR[0]"
set_location_assignment PIN_F19 -to "LEDR[1]"
set_instance_assignment -name IO_STANDARD "2.5 V" -to "LEDR[1]"
set_location_assignment PIN_E19 -to "LEDR[2]"
set_instance_assignment -name IO_STANDARD "2.5 V" -to "LEDR[2]"
set_location_assignment PIN_F21 -to "LEDR[3]"
set_instance_assignment -name IO_STANDARD "2.5 V" -to "LEDR[3]"
set_location_assignment PIN_F18 -to "LEDR[4]"
set_instance_assignment -name IO_STANDARD "2.5 V" -to "LEDR[4]"
set_location_assignment PIN_E18 -to "LEDR[5]"
set_instance_assignment -name IO_STANDARD "2.5 V" -to "LEDR[5]"
set_location_assignment PIN_J19 -to "LEDR[6]"
set_instance_assignment -name IO_STANDARD "2.5 V" -to "LEDR[6]"
set_location_assignment PIN_H19 -to "LEDR[7]"
set_instance_assignment -name IO_STANDARD "2.5 V" -to "LEDR[7]"
set_location_assignment PIN_J17 -to "LEDR[8]"
set_instance_assignment -name IO_STANDARD "2.5 V" -to "LEDR[8]"
set_location_assignment PIN_G17 -to "LEDR[9]"
set_instance_assignment -name IO_STANDARD "2.5 V" -to "LEDR[9]"

set_global_assignment -name LAST_QUARTUS_VERSION "25.1std.0 Lite Edition"
set_global_assignment -name RESERVE_ALL_UNUSED_PINS_NO_OUTPUT_GND "AS INPUT TRI-STATED"